
Microsoft Visual Studio Solution File, Format Version 12.00
# Visual Studio Version 17
VisualStudioVersion = 17.3.32804.467
MinimumVisualStudioVersion = 10.0.40219.1
Project("{FAE04EC0-301F-11D3-BF4B-00C04F79EFBC}") = "BuildSharper.Course101.App1", "BuildSharper.Course101.App1\BuildSharper.Course101.App1.csproj", "{ED49BF4B-A88F-41DE-AD27-106E675B5430}"
EndProject
Project("{FAE04EC0-301F-11D3-BF4B-00C04F79EFBC}") = "BuildSharper.Course101.App2", "BuildSharper.Course101.App2\BuildSharper.Course101.App2.csproj", "{95074135-7465-4230-B00C-BB2AD0A84557}"
EndProject
Global
	GlobalSection(SolutionConfigurationPlatforms) = preSolution
		Debug|Any CPU = Debug|Any CPU
		Release|Any CPU = Release|Any CPU
	EndGlobalSection
	GlobalSection(ProjectConfigurationPlatforms) = postSolution
		{ED49BF4B-A88F-41DE-AD27-106E675B5430}.Debug|Any CPU.ActiveCfg = Debug|Any CPU
		{ED49BF4B-A88F-41DE-AD27-106E675B5430}.Debug|Any CPU.Build.0 = Debug|Any CPU
		{ED49BF4B-A88F-41DE-AD27-106E675B5430}.Release|Any CPU.ActiveCfg = Release|Any CPU
		{ED49BF4B-A88F-41DE-AD27-106E675B5430}.Release|Any CPU.Build.0 = Release|Any CPU
		{95074135-7465-4230-B00C-BB2AD0A84557}.Debug|Any CPU.ActiveCfg = Debug|Any CPU
		{95074135-7465-4230-B00C-BB2AD0A84557}.Debug|Any CPU.Build.0 = Debug|Any CPU
		{95074135-7465-4230-B00C-BB2AD0A84557}.Release|Any CPU.ActiveCfg = Release|Any CPU
		{95074135-7465-4230-B00C-BB2AD0A84557}.Release|Any CPU.Build.0 = Release|Any CPU
	EndGlobalSection
	GlobalSection(SolutionProperties) = preSolution
		HideSolutionNode = FALSE
	EndGlobalSection
	GlobalSection(ExtensibilityGlobals) = postSolution
		SolutionGuid = {25A5B07F-F1ED-48D0-AB61-4CEC8C3F822C}
	EndGlobalSection
EndGlobal
